
Microsoft Visual Studio Solution File, Format Version 12.00
# Visual Studio Version 17
VisualStudioVersion = 17.0.31903.59
MinimumVisualStudioVersion = 10.0.40219.1
Project("{2150E333-8FDC-42A3-9474-1A3956D46DE8}") = "src", "src", "{827E0CD3-B72D-47B6-A68D-7590B98EB39B}"
EndProject
Project("{2150E333-8FDC-42A3-9474-1A3956D46DE8}") = "Shared", "Shared", "{C8E42992-5E42-0C2B-DBFE-AA848D06431C}"
EndProject
Project("{FAE04EC0-301F-11D3-BF4B-00C04F79EFBC}") = "ECommerceOrderProcessing.Shared", "src\Shared\ECommerceOrderProcessing.Shared.csproj", "{38626001-D55D-4D54-888F-013C87B93746}"
EndProject
Project("{FAE04EC0-301F-11D3-BF4B-00C04F79EFBC}") = "ECommerceOrderProcessing.Infrastructure", "src\Infrastructure\ECommerceOrderProcessing.Infrastructure.csproj", "{7D449746-A13D-4E59-80EA-20803ECA74C3}"
EndProject
Project("{FAE04EC0-301F-11D3-BF4B-00C04F79EFBC}") = "OrderService.Domain", "src\OrderService\Domain\OrderService.Domain.csproj", "{349F67B6-30CF-47DA-B378-2BFAA0333D52}"
EndProject
Project("{FAE04EC0-301F-11D3-BF4B-00C04F79EFBC}") = "OrderService.Application", "src\OrderService\Application\OrderService.Application.csproj", "{EFEB1E3C-59C9-424E-B437-43E9ABA32DD9}"
EndProject
Project("{FAE04EC0-301F-11D3-BF4B-00C04F79EFBC}") = "OrderService.Infrastructure", "src\OrderService\Infrastructure\OrderService.Infrastructure.csproj", "{F725AAE3-D8F2-477B-9BD9-5E4BC8D3753D}"
EndProject
Project("{FAE04EC0-301F-11D3-BF4B-00C04F79EFBC}") = "OrderService.Api", "src\OrderService\Api\OrderService.Api.csproj", "{7214DF5F-18B3-4D42-8197-00B3C5E5CC26}"
EndProject
Project("{FAE04EC0-301F-11D3-BF4B-00C04F79EFBC}") = "PaymentService.Domain", "src\PaymentService\Domain\PaymentService.Domain.csproj", "{128DB73B-FA56-4BE9-88E7-3E4F77F053AD}"
EndProject
Project("{FAE04EC0-301F-11D3-BF4B-00C04F79EFBC}") = "PaymentService.Application", "src\PaymentService\Application\PaymentService.Application.csproj", "{81240FF6-E822-4161-BD54-264A186F7982}"
EndProject
Project("{FAE04EC0-301F-11D3-BF4B-00C04F79EFBC}") = "PaymentService.Infrastructure", "src\PaymentService\Infrastructure\PaymentService.Infrastructure.csproj", "{50C1FB09-DE2E-4844-A47D-D3FFE5A53FC0}"
EndProject
Project("{FAE04EC0-301F-11D3-BF4B-00C04F79EFBC}") = "PaymentService.Api", "src\PaymentService\Api\PaymentService.Api.csproj", "{B5E117AD-C9A4-45DE-BFE3-7EAC86A52568}"
EndProject
Project("{FAE04EC0-301F-11D3-BF4B-00C04F79EFBC}") = "InventoryService.Domain", "src\InventoryService\Domain\InventoryService.Domain.csproj", "{063A9137-411C-4179-8B64-8480946E9E96}"
EndProject
Project("{FAE04EC0-301F-11D3-BF4B-00C04F79EFBC}") = "InventoryService.Application", "src\InventoryService\Application\InventoryService.Application.csproj", "{6C7A6647-C4CB-45BB-9BA4-3336EEE8A6B6}"
EndProject
Project("{FAE04EC0-301F-11D3-BF4B-00C04F79EFBC}") = "InventoryService.Infrastructure", "src\InventoryService\Infrastructure\InventoryService.Infrastructure.csproj", "{E7125584-6CD2-4B6B-B627-46A790DAC750}"
EndProject
Project("{FAE04EC0-301F-11D3-BF4B-00C04F79EFBC}") = "InventoryService.Api", "src\InventoryService\Api\InventoryService.Api.csproj", "{07989DF1-2C34-4116-8B17-CB74353B682B}"
EndProject
Project("{FAE04EC0-301F-11D3-BF4B-00C04F79EFBC}") = "ShippingService.Domain", "src\ShippingService\Domain\ShippingService.Domain.csproj", "{D1BBF951-D13D-4B7F-997E-7B512A1F178A}"
EndProject
Project("{FAE04EC0-301F-11D3-BF4B-00C04F79EFBC}") = "ShippingService.Application", "src\ShippingService\Application\ShippingService.Application.csproj", "{C1BA67CF-8650-4FE5-B30D-B93E011768DC}"
EndProject
Project("{FAE04EC0-301F-11D3-BF4B-00C04F79EFBC}") = "ShippingService.Infrastructure", "src\ShippingService\Infrastructure\ShippingService.Infrastructure.csproj", "{14603B0B-FBD0-4EC8-8F49-FEF7893658B3}"
EndProject
Project("{FAE04EC0-301F-11D3-BF4B-00C04F79EFBC}") = "ShippingService.Api", "src\ShippingService\Api\ShippingService.Api.csproj", "{1BF79908-A123-4B96-885E-81C23CD1DE8E}"
EndProject
Project("{FAE04EC0-301F-11D3-BF4B-00C04F79EFBC}") = "NotificationService.Domain", "src\NotificationService\Domain\NotificationService.Domain.csproj", "{4AC82121-1203-4357-9B23-60F5A1047FEB}"
EndProject
Project("{FAE04EC0-301F-11D3-BF4B-00C04F79EFBC}") = "NotificationService.Application", "src\NotificationService\Application\NotificationService.Application.csproj", "{05BB194F-614E-4F02-AFBD-401D57D5986E}"
EndProject
Project("{FAE04EC0-301F-11D3-BF4B-00C04F79EFBC}") = "NotificationService.Infrastructure", "src\NotificationService\Infrastructure\NotificationService.Infrastructure.csproj", "{09359F30-7537-40EB-8EA0-B5A5DBAD914C}"
EndProject
Project("{FAE04EC0-301F-11D3-BF4B-00C04F79EFBC}") = "NotificationService.Api", "src\NotificationService\Api\NotificationService.Api.csproj", "{09477071-BE43-4A7A-8C27-6348AEE5B1F0}"
EndProject
Project("{FAE04EC0-301F-11D3-BF4B-00C04F79EFBC}") = "SagaOrchestrator.Domain", "src\SagaOrchestrator\Domain\SagaOrchestrator.Domain.csproj", "{5BB6C462-DB2D-413E-85DE-C7165ED7A849}"
EndProject
Project("{FAE04EC0-301F-11D3-BF4B-00C04F79EFBC}") = "SagaOrchestrator.Application", "src\SagaOrchestrator\Application\SagaOrchestrator.Application.csproj", "{61B011EE-5FE2-4FE1-B5CB-B8D64DE56433}"
EndProject
Project("{FAE04EC0-301F-11D3-BF4B-00C04F79EFBC}") = "SagaOrchestrator.Infrastructure", "src\SagaOrchestrator\Infrastructure\SagaOrchestrator.Infrastructure.csproj", "{ABDF04B3-52D0-4AE7-8B41-46410D00A274}"
EndProject
Project("{FAE04EC0-301F-11D3-BF4B-00C04F79EFBC}") = "SagaOrchestrator.Api", "src\SagaOrchestrator\Api\SagaOrchestrator.Api.csproj", "{9F1E111E-D7DA-401C-B3EB-FD937F7B64BA}"
EndProject
Project("{FAE04EC0-301F-11D3-BF4B-00C04F79EFBC}") = "AnalyticsService.Domain", "src\AnalyticsService\Domain\AnalyticsService.Domain.csproj", "{42A5F5E1-0B2C-4F78-8C34-9D7E2F1A3B5C}"
EndProject
Project("{FAE04EC0-301F-11D3-BF4B-00C04F79EFBC}") = "AnalyticsService.Application", "src\AnalyticsService\Application\AnalyticsService.Application.csproj", "{53B6F6F2-1C3D-5G89-9D45-0E8F3G2B4C6D}"
EndProject
Project("{FAE04EC0-301F-11D3-BF4B-00C04F79EFBC}") = "AnalyticsService.Infrastructure", "src\AnalyticsService\Infrastructure\AnalyticsService.Infrastructure.csproj", "{64C7H7G3-2D4E-6H90-0E56-1F9G4H3C5D7E}"
EndProject
Project("{FAE04EC0-301F-11D3-BF4B-00C04F79EFBC}") = "AnalyticsService.Api", "src\AnalyticsService\Api\AnalyticsService.Api.csproj", "{75D8I8H4-3E5F-7I01-1F67-2G0H5I4D6E8F}"
EndProject
Project("{2150E333-8FDC-42A3-9474-1A3956D46DE8}") = "tests", "tests", "{0AB3BF05-4346-4AA6-1389-037BE0695223}"
EndProject
Project("{FAE04EC0-301F-11D3-BF4B-00C04F79EFBC}") = "OrderService.Domain.Tests", "tests\OrderService.Domain.Tests\OrderService.Domain.Tests.csproj", "{A3CF0D35-36DC-4DC3-BB6D-579536EB9838}"
EndProject
Project("{FAE04EC0-301F-11D3-BF4B-00C04F79EFBC}") = "OrderService.Application.Tests", "tests\OrderService.Application.Tests\OrderService.Application.Tests.csproj", "{1DB259E8-0603-4942-9855-9DAA405B1244}"
EndProject
Project("{FAE04EC0-301F-11D3-BF4B-00C04F79EFBC}") = "SagaOrchestrator.Domain.Tests", "tests\SagaOrchestrator.Domain.Tests\SagaOrchestrator.Domain.Tests.csproj", "{D4E8A2C1-9B3F-4E67-A1D2-5F8C7B0E3A94}"
EndProject
Project("{FAE04EC0-301F-11D3-BF4B-00C04F79EFBC}") = "PaymentService.Domain.Tests", "tests\PaymentService.Domain.Tests\PaymentService.Domain.Tests.csproj", "{C1440BEC-9324-4F9D-B8CA-F3E86E9AE3D5}"
EndProject
Project("{FAE04EC0-301F-11D3-BF4B-00C04F79EFBC}") = "PaymentService.Application.Tests", "tests\PaymentService.Application.Tests\PaymentService.Application.Tests.csproj", "{D147C533-916E-4219-BC01-FBD05C21EB4E}"
EndProject
Project("{FAE04EC0-301F-11D3-BF4B-00C04F79EFBC}") = "InventoryService.Domain.Tests", "tests\InventoryService.Domain.Tests\InventoryService.Domain.Tests.csproj", "{B2F9A1C3-7E4D-4F88-9C21-3A5D6E8B0F12}"
EndProject
Project("{FAE04EC0-301F-11D3-BF4B-00C04F79EFBC}") = "InventoryService.Application.Tests", "tests\InventoryService.Application.Tests\InventoryService.Application.Tests.csproj", "{611F289E-7495-7F8D-959C-093CBB4E78F0}"
EndProject
Project("{FAE04EC0-301F-11D3-BF4B-00C04F79EFBC}") = "ShippingService.Domain.Tests", "tests\ShippingService.Domain.Tests\ShippingService.Domain.Tests.csproj", "{F2BBE442-2D6B-4AB4-B2C9-84C0301F1611}"
EndProject
Project("{FAE04EC0-301F-11D3-BF4B-00C04F79EFBC}") = "NotificationService.Domain.Tests", "tests\NotificationService.Domain.Tests\NotificationService.Domain.Tests.csproj", "{E3A1C4F2-8D7B-4F96-A2E1-6B5C9D0F3E82}"
EndProject
Project("{FAE04EC0-301F-11D3-BF4B-00C04F79EFBC}") = "NotificationService.Application.Tests", "tests\NotificationService.Application.Tests\NotificationService.Application.Tests.csproj", "{F1A2B3C4-D5E6-7890-ABCD-1234567890AB}"
EndProject
Project("{FAE04EC0-301F-11D3-BF4B-00C04F79EFBC}") = "Infrastructure.Tests", "tests\Infrastructure.Tests\Infrastructure.Tests.csproj", "{611A290E-8495-4F8D-960C-194CBB4E79F1}"
EndProject
Project("{FAE04EC0-301F-11D3-BF4B-00C04F79EFBC}") = "AnalyticsService.Domain.Tests", "tests\AnalyticsService.Domain.Tests\AnalyticsService.Domain.Tests.csproj", "{86E9J9I5-4F6G-8J12-2G78-3H1I6J5E7F9G}"
EndProject
Project("{FAE04EC0-301F-11D3-BF4B-00C04F79EFBC}") = "AnalyticsService.Application.Tests", "tests\AnalyticsService.Application.Tests\AnalyticsService.Application.Tests.csproj", "{97F0K0J6-5G7H-9K23-3H89-4I2J7K6F8G0H}"
EndProject
Project("{FAE04EC0-301F-11D3-BF4B-00C04F79EFBC}") = "AnalyticsService.Integration.Tests", "tests\AnalyticsService.Integration.Tests\AnalyticsService.Integration.Tests.csproj", "{A8G1L1K7-6H8I-0L34-4I90-5J3K8L7G9H1I}"
EndProject
Project("{FAE04EC0-301F-11D3-BF4B-00C04F79EFBC}") = "E2ETests", "tests\E2ETests\E2ETests.csproj", "{A1B2C3D4-E5F6-7890-ABCD-EF1234567890}"
EndProject
Project("{FAE04EC0-301F-11D3-BF4B-00C04F79EFBC}") = "OrderService.Integration.Tests", "tests\OrderService.Integration.Tests\OrderService.Integration.Tests.csproj", "{B503EC06-B034-4154-B118-730C0E5DD22B}"
EndProject
Global
	GlobalSection(SolutionConfigurationPlatforms) = preSolution
		Debug|Any CPU = Debug|Any CPU
		Debug|x64 = Debug|x64
		Debug|x86 = Debug|x86
		Release|Any CPU = Release|Any CPU
		Release|x64 = Release|x64
		Release|x86 = Release|x86
	EndGlobalSection
	GlobalSection(ProjectConfigurationPlatforms) = postSolution
		{38626001-D55D-4D54-888F-013C87B93746}.Debug|Any CPU.ActiveCfg = Debug|Any CPU
		{38626001-D55D-4D54-888F-013C87B93746}.Debug|Any CPU.Build.0 = Debug|Any CPU
		{38626001-D55D-4D54-888F-013C87B93746}.Debug|x64.ActiveCfg = Debug|Any CPU
		{38626001-D55D-4D54-888F-013C87B93746}.Debug|x64.Build.0 = Debug|Any CPU
		{38626001-D55D-4D54-888F-013C87B93746}.Debug|x86.ActiveCfg = Debug|Any CPU
		{38626001-D55D-4D54-888F-013C87B93746}.Debug|x86.Build.0 = Debug|Any CPU
		{38626001-D55D-4D54-888F-013C87B93746}.Release|Any CPU.ActiveCfg = Release|Any CPU
		{38626001-D55D-4D54-888F-013C87B93746}.Release|Any CPU.Build.0 = Release|Any CPU
		{38626001-D55D-4D54-888F-013C87B93746}.Release|x64.ActiveCfg = Release|Any CPU
		{38626001-D55D-4D54-888F-013C87B93746}.Release|x64.Build.0 = Release|Any CPU
		{38626001-D55D-4D54-888F-013C87B93746}.Release|x86.ActiveCfg = Release|Any CPU
		{38626001-D55D-4D54-888F-013C87B93746}.Release|x86.Build.0 = Release|Any CPU
		{7D449746-A13D-4E59-80EA-20803ECA74C3}.Debug|Any CPU.ActiveCfg = Debug|Any CPU
		{7D449746-A13D-4E59-80EA-20803ECA74C3}.Debug|Any CPU.Build.0 = Debug|Any CPU
		{7D449746-A13D-4E59-80EA-20803ECA74C3}.Debug|x64.ActiveCfg = Debug|Any CPU
		{7D449746-A13D-4E59-80EA-20803ECA74C3}.Debug|x64.Build.0 = Debug|Any CPU
		{7D449746-A13D-4E59-80EA-20803ECA74C3}.Debug|x86.ActiveCfg = Debug|Any CPU
		{7D449746-A13D-4E59-80EA-20803ECA74C3}.Debug|x86.Build.0 = Debug|Any CPU
		{7D449746-A13D-4E59-80EA-20803ECA74C3}.Release|Any CPU.ActiveCfg = Release|Any CPU
		{7D449746-A13D-4E59-80EA-20803ECA74C3}.Release|Any CPU.Build.0 = Release|Any CPU
		{7D449746-A13D-4E59-80EA-20803ECA74C3}.Release|x64.ActiveCfg = Release|Any CPU
		{7D449746-A13D-4E59-80EA-20803ECA74C3}.Release|x64.Build.0 = Release|Any CPU
		{7D449746-A13D-4E59-80EA-20803ECA74C3}.Release|x86.ActiveCfg = Release|Any CPU
		{7D449746-A13D-4E59-80EA-20803ECA74C3}.Release|x86.Build.0 = Release|Any CPU
		{349F67B6-30CF-47DA-B378-2BFAA0333D52}.Debug|Any CPU.ActiveCfg = Debug|Any CPU
		{349F67B6-30CF-47DA-B378-2BFAA0333D52}.Debug|Any CPU.Build.0 = Debug|Any CPU
		{349F67B6-30CF-47DA-B378-2BFAA0333D52}.Debug|x64.ActiveCfg = Debug|Any CPU
		{349F67B6-30CF-47DA-B378-2BFAA0333D52}.Debug|x64.Build.0 = Debug|Any CPU
		{349F67B6-30CF-47DA-B378-2BFAA0333D52}.Debug|x86.ActiveCfg = Debug|Any CPU
		{349F67B6-30CF-47DA-B378-2BFAA0333D52}.Debug|x86.Build.0 = Debug|Any CPU
		{349F67B6-30CF-47DA-B378-2BFAA0333D52}.Release|Any CPU.ActiveCfg = Release|Any CPU
		{349F67B6-30CF-47DA-B378-2BFAA0333D52}.Release|Any CPU.Build.0 = Release|Any CPU
		{349F67B6-30CF-47DA-B378-2BFAA0333D52}.Release|x64.ActiveCfg = Release|Any CPU
		{349F67B6-30CF-47DA-B378-2BFAA0333D52}.Release|x64.Build.0 = Release|Any CPU
		{349F67B6-30CF-47DA-B378-2BFAA0333D52}.Release|x86.ActiveCfg = Release|Any CPU
		{349F67B6-30CF-47DA-B378-2BFAA0333D52}.Release|x86.Build.0 = Release|Any CPU
		{EFEB1E3C-59C9-424E-B437-43E9ABA32DD9}.Debug|Any CPU.ActiveCfg = Debug|Any CPU
		{EFEB1E3C-59C9-424E-B437-43E9ABA32DD9}.Debug|Any CPU.Build.0 = Debug|Any CPU
		{EFEB1E3C-59C9-424E-B437-43E9ABA32DD9}.Debug|x64.ActiveCfg = Debug|Any CPU
		{EFEB1E3C-59C9-424E-B437-43E9ABA32DD9}.Debug|x64.Build.0 = Debug|Any CPU
		{EFEB1E3C-59C9-424E-B437-43E9ABA32DD9}.Debug|x86.ActiveCfg = Debug|Any CPU
		{EFEB1E3C-59C9-424E-B437-43E9ABA32DD9}.Debug|x86.Build.0 = Debug|Any CPU
		{EFEB1E3C-59C9-424E-B437-43E9ABA32DD9}.Release|Any CPU.ActiveCfg = Release|Any CPU
		{EFEB1E3C-59C9-424E-B437-43E9ABA32DD9}.Release|Any CPU.Build.0 = Release|Any CPU
		{EFEB1E3C-59C9-424E-B437-43E9ABA32DD9}.Release|x64.ActiveCfg = Release|Any CPU
		{EFEB1E3C-59C9-424E-B437-43E9ABA32DD9}.Release|x64.Build.0 = Release|Any CPU
		{EFEB1E3C-59C9-424E-B437-43E9ABA32DD9}.Release|x86.ActiveCfg = Release|Any CPU
		{EFEB1E3C-59C9-424E-B437-43E9ABA32DD9}.Release|x86.Build.0 = Release|Any CPU
		{F725AAE3-D8F2-477B-9BD9-5E4BC8D3753D}.Debug|Any CPU.ActiveCfg = Debug|Any CPU
		{F725AAE3-D8F2-477B-9BD9-5E4BC8D3753D}.Debug|Any CPU.Build.0 = Debug|Any CPU
		{F725AAE3-D8F2-477B-9BD9-5E4BC8D3753D}.Debug|x64.ActiveCfg = Debug|Any CPU
		{F725AAE3-D8F2-477B-9BD9-5E4BC8D3753D}.Debug|x64.Build.0 = Debug|Any CPU
		{F725AAE3-D8F2-477B-9BD9-5E4BC8D3753D}.Debug|x86.ActiveCfg = Debug|Any CPU
		{F725AAE3-D8F2-477B-9BD9-5E4BC8D3753D}.Debug|x86.Build.0 = Debug|Any CPU
		{F725AAE3-D8F2-477B-9BD9-5E4BC8D3753D}.Release|Any CPU.ActiveCfg = Release|Any CPU
		{F725AAE3-D8F2-477B-9BD9-5E4BC8D3753D}.Release|Any CPU.Build.0 = Release|Any CPU
		{F725AAE3-D8F2-477B-9BD9-5E4BC8D3753D}.Release|x64.ActiveCfg = Release|Any CPU
		{F725AAE3-D8F2-477B-9BD9-5E4BC8D3753D}.Release|x64.Build.0 = Release|Any CPU
		{F725AAE3-D8F2-477B-9BD9-5E4BC8D3753D}.Release|x86.ActiveCfg = Release|Any CPU
		{F725AAE3-D8F2-477B-9BD9-5E4BC8D3753D}.Release|x86.Build.0 = Release|Any CPU
		{7214DF5F-18B3-4D42-8197-00B3C5E5CC26}.Debug|Any CPU.ActiveCfg = Debug|Any CPU
		{7214DF5F-18B3-4D42-8197-00B3C5E5CC26}.Debug|Any CPU.Build.0 = Debug|Any CPU
		{7214DF5F-18B3-4D42-8197-00B3C5E5CC26}.Debug|x64.ActiveCfg = Debug|Any CPU
		{7214DF5F-18B3-4D42-8197-00B3C5E5CC26}.Debug|x64.Build.0 = Debug|Any CPU
		{7214DF5F-18B3-4D42-8197-00B3C5E5CC26}.Debug|x86.ActiveCfg = Debug|Any CPU
		{7214DF5F-18B3-4D42-8197-00B3C5E5CC26}.Debug|x86.Build.0 = Debug|Any CPU
		{7214DF5F-18B3-4D42-8197-00B3C5E5CC26}.Release|Any CPU.ActiveCfg = Release|Any CPU
		{7214DF5F-18B3-4D42-8197-00B3C5E5CC26}.Release|Any CPU.Build.0 = Release|Any CPU
		{7214DF5F-18B3-4D42-8197-00B3C5E5CC26}.Release|x64.ActiveCfg = Release|Any CPU
		{7214DF5F-18B3-4D42-8197-00B3C5E5CC26}.Release|x64.Build.0 = Release|Any CPU
		{7214DF5F-18B3-4D42-8197-00B3C5E5CC26}.Release|x86.ActiveCfg = Release|Any CPU
		{7214DF5F-18B3-4D42-8197-00B3C5E5CC26}.Release|x86.Build.0 = Release|Any CPU
		{128DB73B-FA56-4BE9-88E7-3E4F77F053AD}.Debug|Any CPU.ActiveCfg = Debug|Any CPU
		{128DB73B-FA56-4BE9-88E7-3E4F77F053AD}.Debug|Any CPU.Build.0 = Debug|Any CPU
		{128DB73B-FA56-4BE9-88E7-3E4F77F053AD}.Debug|x64.ActiveCfg = Debug|Any CPU
		{128DB73B-FA56-4BE9-88E7-3E4F77F053AD}.Debug|x64.Build.0 = Debug|Any CPU
		{128DB73B-FA56-4BE9-88E7-3E4F77F053AD}.Debug|x86.ActiveCfg = Debug|Any CPU
		{128DB73B-FA56-4BE9-88E7-3E4F77F053AD}.Debug|x86.Build.0 = Debug|Any CPU
		{128DB73B-FA56-4BE9-88E7-3E4F77F053AD}.Release|Any CPU.ActiveCfg = Release|Any CPU
		{128DB73B-FA56-4BE9-88E7-3E4F77F053AD}.Release|Any CPU.Build.0 = Release|Any CPU
		{128DB73B-FA56-4BE9-88E7-3E4F77F053AD}.Release|x64.ActiveCfg = Release|Any CPU
		{128DB73B-FA56-4BE9-88E7-3E4F77F053AD}.Release|x64.Build.0 = Release|Any CPU
		{128DB73B-FA56-4BE9-88E7-3E4F77F053AD}.Release|x86.ActiveCfg = Release|Any CPU
		{128DB73B-FA56-4BE9-88E7-3E4F77F053AD}.Release|x86.Build.0 = Release|Any CPU
		{81240FF6-E822-4161-BD54-264A186F7982}.Debug|Any CPU.ActiveCfg = Debug|Any CPU
		{81240FF6-E822-4161-BD54-264A186F7982}.Debug|Any CPU.Build.0 = Debug|Any CPU
		{81240FF6-E822-4161-BD54-264A186F7982}.Debug|x64.ActiveCfg = Debug|Any CPU
		{81240FF6-E822-4161-BD54-264A186F7982}.Debug|x64.Build.0 = Debug|Any CPU
		{81240FF6-E822-4161-BD54-264A186F7982}.Debug|x86.ActiveCfg = Debug|Any CPU
		{81240FF6-E822-4161-BD54-264A186F7982}.Debug|x86.Build.0 = Debug|Any CPU
		{81240FF6-E822-4161-BD54-264A186F7982}.Release|Any CPU.ActiveCfg = Release|Any CPU
		{81240FF6-E822-4161-BD54-264A186F7982}.Release|Any CPU.Build.0 = Release|Any CPU
		{81240FF6-E822-4161-BD54-264A186F7982}.Release|x64.ActiveCfg = Release|Any CPU
		{81240FF6-E822-4161-BD54-264A186F7982}.Release|x64.Build.0 = Release|Any CPU
		{81240FF6-E822-4161-BD54-264A186F7982}.Release|x86.ActiveCfg = Release|Any CPU
		{81240FF6-E822-4161-BD54-264A186F7982}.Release|x86.Build.0 = Release|Any CPU
		{50C1FB09-DE2E-4844-A47D-D3FFE5A53FC0}.Debug|Any CPU.ActiveCfg = Debug|Any CPU
		{50C1FB09-DE2E-4844-A47D-D3FFE5A53FC0}.Debug|Any CPU.Build.0 = Debug|Any CPU
		{50C1FB09-DE2E-4844-A47D-D3FFE5A53FC0}.Debug|x64.ActiveCfg = Debug|Any CPU
		{50C1FB09-DE2E-4844-A47D-D3FFE5A53FC0}.Debug|x64.Build.0 = Debug|Any CPU
		{50C1FB09-DE2E-4844-A47D-D3FFE5A53FC0}.Debug|x86.ActiveCfg = Debug|Any CPU
		{50C1FB09-DE2E-4844-A47D-D3FFE5A53FC0}.Debug|x86.Build.0 = Debug|Any CPU
		{50C1FB09-DE2E-4844-A47D-D3FFE5A53FC0}.Release|Any CPU.ActiveCfg = Release|Any CPU
		{50C1FB09-DE2E-4844-A47D-D3FFE5A53FC0}.Release|Any CPU.Build.0 = Release|Any CPU
		{50C1FB09-DE2E-4844-A47D-D3FFE5A53FC0}.Release|x64.ActiveCfg = Release|Any CPU
		{50C1FB09-DE2E-4844-A47D-D3FFE5A53FC0}.Release|x64.Build.0 = Release|Any CPU
		{50C1FB09-DE2E-4844-A47D-D3FFE5A53FC0}.Release|x86.ActiveCfg = Release|Any CPU
		{50C1FB09-DE2E-4844-A47D-D3FFE5A53FC0}.Release|x86.Build.0 = Release|Any CPU
		{B5E117AD-C9A4-45DE-BFE3-7EAC86A52568}.Debug|Any CPU.ActiveCfg = Debug|Any CPU
		{B5E117AD-C9A4-45DE-BFE3-7EAC86A52568}.Debug|Any CPU.Build.0 = Debug|Any CPU
		{B5E117AD-C9A4-45DE-BFE3-7EAC86A52568}.Debug|x64.ActiveCfg = Debug|Any CPU
		{B5E117AD-C9A4-45DE-BFE3-7EAC86A52568}.Debug|x64.Build.0 = Debug|Any CPU
		{B5E117AD-C9A4-45DE-BFE3-7EAC86A52568}.Debug|x86.ActiveCfg = Debug|Any CPU
		{B5E117AD-C9A4-45DE-BFE3-7EAC86A52568}.Debug|x86.Build.0 = Debug|Any CPU
		{B5E117AD-C9A4-45DE-BFE3-7EAC86A52568}.Release|Any CPU.ActiveCfg = Release|Any CPU
		{B5E117AD-C9A4-45DE-BFE3-7EAC86A52568}.Release|Any CPU.Build.0 = Release|Any CPU
		{B5E117AD-C9A4-45DE-BFE3-7EAC86A52568}.Release|x64.ActiveCfg = Release|Any CPU
		{B5E117AD-C9A4-45DE-BFE3-7EAC86A52568}.Release|x64.Build.0 = Release|Any CPU
		{B5E117AD-C9A4-45DE-BFE3-7EAC86A52568}.Release|x86.ActiveCfg = Release|Any CPU
		{B5E117AD-C9A4-45DE-BFE3-7EAC86A52568}.Release|x86.Build.0 = Release|Any CPU
		{063A9137-411C-4179-8B64-8480946E9E96}.Debug|Any CPU.ActiveCfg = Debug|Any CPU
		{063A9137-411C-4179-8B64-8480946E9E96}.Debug|Any CPU.Build.0 = Debug|Any CPU
		{063A9137-411C-4179-8B64-8480946E9E96}.Debug|x64.ActiveCfg = Debug|Any CPU
		{063A9137-411C-4179-8B64-8480946E9E96}.Debug|x64.Build.0 = Debug|Any CPU
		{063A9137-411C-4179-8B64-8480946E9E96}.Debug|x86.ActiveCfg = Debug|Any CPU
		{063A9137-411C-4179-8B64-8480946E9E96}.Debug|x86.Build.0 = Debug|Any CPU
		{063A9137-411C-4179-8B64-8480946E9E96}.Release|Any CPU.ActiveCfg = Release|Any CPU
		{063A9137-411C-4179-8B64-8480946E9E96}.Release|Any CPU.Build.0 = Release|Any CPU
		{063A9137-411C-4179-8B64-8480946E9E96}.Release|x64.ActiveCfg = Release|Any CPU
		{063A9137-411C-4179-8B64-8480946E9E96}.Release|x64.Build.0 = Release|Any CPU
		{063A9137-411C-4179-8B64-8480946E9E96}.Release|x86.ActiveCfg = Release|Any CPU
		{063A9137-411C-4179-8B64-8480946E9E96}.Release|x86.Build.0 = Release|Any CPU
		{6C7A6647-C4CB-45BB-9BA4-3336EEE8A6B6}.Debug|Any CPU.ActiveCfg = Debug|Any CPU
		{6C7A6647-C4CB-45BB-9BA4-3336EEE8A6B6}.Debug|Any CPU.Build.0 = Debug|Any CPU
		{6C7A6647-C4CB-45BB-9BA4-3336EEE8A6B6}.Debug|x64.ActiveCfg = Debug|Any CPU
		{6C7A6647-C4CB-45BB-9BA4-3336EEE8A6B6}.Debug|x64.Build.0 = Debug|Any CPU
		{6C7A6647-C4CB-45BB-9BA4-3336EEE8A6B6}.Debug|x86.ActiveCfg = Debug|Any CPU
		{6C7A6647-C4CB-45BB-9BA4-3336EEE8A6B6}.Debug|x86.Build.0 = Debug|Any CPU
		{6C7A6647-C4CB-45BB-9BA4-3336EEE8A6B6}.Release|Any CPU.ActiveCfg = Release|Any CPU
		{6C7A6647-C4CB-45BB-9BA4-3336EEE8A6B6}.Release|Any CPU.Build.0 = Release|Any CPU
		{6C7A6647-C4CB-45BB-9BA4-3336EEE8A6B6}.Release|x64.ActiveCfg = Release|Any CPU
		{6C7A6647-C4CB-45BB-9BA4-3336EEE8A6B6}.Release|x64.Build.0 = Release|Any CPU
		{6C7A6647-C4CB-45BB-9BA4-3336EEE8A6B6}.Release|x86.ActiveCfg = Release|Any CPU
		{6C7A6647-C4CB-45BB-9BA4-3336EEE8A6B6}.Release|x86.Build.0 = Release|Any CPU
		{E7125584-6CD2-4B6B-B627-46A790DAC750}.Debug|Any CPU.ActiveCfg = Debug|Any CPU
		{E7125584-6CD2-4B6B-B627-46A790DAC750}.Debug|Any CPU.Build.0 = Debug|Any CPU
		{E7125584-6CD2-4B6B-B627-46A790DAC750}.Debug|x64.ActiveCfg = Debug|Any CPU
		{E7125584-6CD2-4B6B-B627-46A790DAC750}.Debug|x64.Build.0 = Debug|Any CPU
		{E7125584-6CD2-4B6B-B627-46A790DAC750}.Debug|x86.ActiveCfg = Debug|Any CPU
		{E7125584-6CD2-4B6B-B627-46A790DAC750}.Debug|x86.Build.0 = Debug|Any CPU
		{E7125584-6CD2-4B6B-B627-46A790DAC750}.Release|Any CPU.ActiveCfg = Release|Any CPU
		{E7125584-6CD2-4B6B-B627-46A790DAC750}.Release|Any CPU.Build.0 = Release|Any CPU
		{E7125584-6CD2-4B6B-B627-46A790DAC750}.Release|x64.ActiveCfg = Release|Any CPU
		{E7125584-6CD2-4B6B-B627-46A790DAC750}.Release|x64.Build.0 = Release|Any CPU
		{E7125584-6CD2-4B6B-B627-46A790DAC750}.Release|x86.ActiveCfg = Release|Any CPU
		{E7125584-6CD2-4B6B-B627-46A790DAC750}.Release|x86.Build.0 = Release|Any CPU
		{07989DF1-2C34-4116-8B17-CB74353B682B}.Debug|Any CPU.ActiveCfg = Debug|Any CPU
		{07989DF1-2C34-4116-8B17-CB74353B682B}.Debug|Any CPU.Build.0 = Debug|Any CPU
		{07989DF1-2C34-4116-8B17-CB74353B682B}.Debug|x64.ActiveCfg = Debug|Any CPU
		{07989DF1-2C34-4116-8B17-CB74353B682B}.Debug|x64.Build.0 = Debug|Any CPU
		{07989DF1-2C34-4116-8B17-CB74353B682B}.Debug|x86.ActiveCfg = Debug|Any CPU
		{07989DF1-2C34-4116-8B17-CB74353B682B}.Debug|x86.Build.0 = Debug|Any CPU
		{07989DF1-2C34-4116-8B17-CB74353B682B}.Release|Any CPU.ActiveCfg = Release|Any CPU
		{07989DF1-2C34-4116-8B17-CB74353B682B}.Release|Any CPU.Build.0 = Release|Any CPU
		{07989DF1-2C34-4116-8B17-CB74353B682B}.Release|x64.ActiveCfg = Release|Any CPU
		{07989DF1-2C34-4116-8B17-CB74353B682B}.Release|x64.Build.0 = Release|Any CPU
		{07989DF1-2C34-4116-8B17-CB74353B682B}.Release|x86.ActiveCfg = Release|Any CPU
		{07989DF1-2C34-4116-8B17-CB74353B682B}.Release|x86.Build.0 = Release|Any CPU
		{D1BBF951-D13D-4B7F-997E-7B512A1F178A}.Debug|Any CPU.ActiveCfg = Debug|Any CPU
		{D1BBF951-D13D-4B7F-997E-7B512A1F178A}.Debug|Any CPU.Build.0 = Debug|Any CPU
		{D1BBF951-D13D-4B7F-997E-7B512A1F178A}.Debug|x64.ActiveCfg = Debug|Any CPU
		{D1BBF951-D13D-4B7F-997E-7B512A1F178A}.Debug|x64.Build.0 = Debug|Any CPU
		{D1BBF951-D13D-4B7F-997E-7B512A1F178A}.Debug|x86.ActiveCfg = Debug|Any CPU
		{D1BBF951-D13D-4B7F-997E-7B512A1F178A}.Debug|x86.Build.0 = Debug|Any CPU
		{D1BBF951-D13D-4B7F-997E-7B512A1F178A}.Release|Any CPU.ActiveCfg = Release|Any CPU
		{D1BBF951-D13D-4B7F-997E-7B512A1F178A}.Release|Any CPU.Build.0 = Release|Any CPU
		{D1BBF951-D13D-4B7F-997E-7B512A1F178A}.Release|x64.ActiveCfg = Release|Any CPU
		{D1BBF951-D13D-4B7F-997E-7B512A1F178A}.Release|x64.Build.0 = Release|Any CPU
		{D1BBF951-D13D-4B7F-997E-7B512A1F178A}.Release|x86.ActiveCfg = Release|Any CPU
		{D1BBF951-D13D-4B7F-997E-7B512A1F178A}.Release|x86.Build.0 = Release|Any CPU
		{C1BA67CF-8650-4FE5-B30D-B93E011768DC}.Debug|Any CPU.ActiveCfg = Debug|Any CPU
		{C1BA67CF-8650-4FE5-B30D-B93E011768DC}.Debug|Any CPU.Build.0 = Debug|Any CPU
		{C1BA67CF-8650-4FE5-B30D-B93E011768DC}.Debug|x64.ActiveCfg = Debug|Any CPU
		{C1BA67CF-8650-4FE5-B30D-B93E011768DC}.Debug|x64.Build.0 = Debug|Any CPU
		{C1BA67CF-8650-4FE5-B30D-B93E011768DC}.Debug|x86.ActiveCfg = Debug|Any CPU
		{C1BA67CF-8650-4FE5-B30D-B93E011768DC}.Debug|x86.Build.0 = Debug|Any CPU
		{C1BA67CF-8650-4FE5-B30D-B93E011768DC}.Release|Any CPU.ActiveCfg = Release|Any CPU
		{C1BA67CF-8650-4FE5-B30D-B93E011768DC}.Release|Any CPU.Build.0 = Release|Any CPU
		{C1BA67CF-8650-4FE5-B30D-B93E011768DC}.Release|x64.ActiveCfg = Release|Any CPU
		{C1BA67CF-8650-4FE5-B30D-B93E011768DC}.Release|x64.Build.0 = Release|Any CPU
		{C1BA67CF-8650-4FE5-B30D-B93E011768DC}.Release|x86.ActiveCfg = Release|Any CPU
		{C1BA67CF-8650-4FE5-B30D-B93E011768DC}.Release|x86.Build.0 = Release|Any CPU
		{14603B0B-FBD0-4EC8-8F49-FEF7893658B3}.Debug|Any CPU.ActiveCfg = Debug|Any CPU
		{14603B0B-FBD0-4EC8-8F49-FEF7893658B3}.Debug|Any CPU.Build.0 = Debug|Any CPU
		{14603B0B-FBD0-4EC8-8F49-FEF7893658B3}.Debug|x64.ActiveCfg = Debug|Any CPU
		{14603B0B-FBD0-4EC8-8F49-FEF7893658B3}.Debug|x64.Build.0 = Debug|Any CPU
		{14603B0B-FBD0-4EC8-8F49-FEF7893658B3}.Debug|x86.ActiveCfg = Debug|Any CPU
		{14603B0B-FBD0-4EC8-8F49-FEF7893658B3}.Debug|x86.Build.0 = Debug|Any CPU
		{14603B0B-FBD0-4EC8-8F49-FEF7893658B3}.Release|Any CPU.ActiveCfg = Release|Any CPU
		{14603B0B-FBD0-4EC8-8F49-FEF7893658B3}.Release|Any CPU.Build.0 = Release|Any CPU
		{14603B0B-FBD0-4EC8-8F49-FEF7893658B3}.Release|x64.ActiveCfg = Release|Any CPU
		{14603B0B-FBD0-4EC8-8F49-FEF7893658B3}.Release|x64.Build.0 = Release|Any CPU
		{14603B0B-FBD0-4EC8-8F49-FEF7893658B3}.Release|x86.ActiveCfg = Release|Any CPU
		{14603B0B-FBD0-4EC8-8F49-FEF7893658B3}.Release|x86.Build.0 = Release|Any CPU
		{1BF79908-A123-4B96-885E-81C23CD1DE8E}.Debug|Any CPU.ActiveCfg = Debug|Any CPU
		{1BF79908-A123-4B96-885E-81C23CD1DE8E}.Debug|Any CPU.Build.0 = Debug|Any CPU
		{1BF79908-A123-4B96-885E-81C23CD1DE8E}.Debug|x64.ActiveCfg = Debug|Any CPU
		{1BF79908-A123-4B96-885E-81C23CD1DE8E}.Debug|x64.Build.0 = Debug|Any CPU
		{1BF79908-A123-4B96-885E-81C23CD1DE8E}.Debug|x86.ActiveCfg = Debug|Any CPU
		{1BF79908-A123-4B96-885E-81C23CD1DE8E}.Debug|x86.Build.0 = Debug|Any CPU
		{1BF79908-A123-4B96-885E-81C23CD1DE8E}.Release|Any CPU.ActiveCfg = Release|Any CPU
		{1BF79908-A123-4B96-885E-81C23CD1DE8E}.Release|Any CPU.Build.0 = Release|Any CPU
		{1BF79908-A123-4B96-885E-81C23CD1DE8E}.Release|x64.ActiveCfg = Release|Any CPU
		{1BF79908-A123-4B96-885E-81C23CD1DE8E}.Release|x64.Build.0 = Release|Any CPU
		{1BF79908-A123-4B96-885E-81C23CD1DE8E}.Release|x86.ActiveCfg = Release|Any CPU
		{1BF79908-A123-4B96-885E-81C23CD1DE8E}.Release|x86.Build.0 = Release|Any CPU
		{4AC82121-1203-4357-9B23-60F5A1047FEB}.Debug|Any CPU.ActiveCfg = Debug|Any CPU
		{4AC82121-1203-4357-9B23-60F5A1047FEB}.Debug|Any CPU.Build.0 = Debug|Any CPU
		{4AC82121-1203-4357-9B23-60F5A1047FEB}.Debug|x64.ActiveCfg = Debug|Any CPU
		{4AC82121-1203-4357-9B23-60F5A1047FEB}.Debug|x64.Build.0 = Debug|Any CPU
		{4AC82121-1203-4357-9B23-60F5A1047FEB}.Debug|x86.ActiveCfg = Debug|Any CPU
		{4AC82121-1203-4357-9B23-60F5A1047FEB}.Debug|x86.Build.0 = Debug|Any CPU
		{4AC82121-1203-4357-9B23-60F5A1047FEB}.Release|Any CPU.ActiveCfg = Release|Any CPU
		{4AC82121-1203-4357-9B23-60F5A1047FEB}.Release|Any CPU.Build.0 = Release|Any CPU
		{4AC82121-1203-4357-9B23-60F5A1047FEB}.Release|x64.ActiveCfg = Release|Any CPU
		{4AC82121-1203-4357-9B23-60F5A1047FEB}.Release|x64.Build.0 = Release|Any CPU
		{4AC82121-1203-4357-9B23-60F5A1047FEB}.Release|x86.ActiveCfg = Release|Any CPU
		{4AC82121-1203-4357-9B23-60F5A1047FEB}.Release|x86.Build.0 = Release|Any CPU
		{05BB194F-614E-4F02-AFBD-401D57D5986E}.Debug|Any CPU.ActiveCfg = Debug|Any CPU
		{05BB194F-614E-4F02-AFBD-401D57D5986E}.Debug|Any CPU.Build.0 = Debug|Any CPU
		{05BB194F-614E-4F02-AFBD-401D57D5986E}.Debug|x64.ActiveCfg = Debug|Any CPU
		{05BB194F-614E-4F02-AFBD-401D57D5986E}.Debug|x64.Build.0 = Debug|Any CPU
		{05BB194F-614E-4F02-AFBD-401D57D5986E}.Debug|x86.ActiveCfg = Debug|Any CPU
		{05BB194F-614E-4F02-AFBD-401D57D5986E}.Debug|x86.Build.0 = Debug|Any CPU
		{05BB194F-614E-4F02-AFBD-401D57D5986E}.Release|Any CPU.ActiveCfg = Release|Any CPU
		{05BB194F-614E-4F02-AFBD-401D57D5986E}.Release|Any CPU.Build.0 = Release|Any CPU
		{05BB194F-614E-4F02-AFBD-401D57D5986E}.Release|x64.ActiveCfg = Release|Any CPU
		{05BB194F-614E-4F02-AFBD-401D57D5986E}.Release|x64.Build.0 = Release|Any CPU
		{05BB194F-614E-4F02-AFBD-401D57D5986E}.Release|x86.ActiveCfg = Release|Any CPU
		{05BB194F-614E-4F02-AFBD-401D57D5986E}.Release|x86.Build.0 = Release|Any CPU
		{09359F30-7537-40EB-8EA0-B5A5DBAD914C}.Debug|Any CPU.ActiveCfg = Debug|Any CPU
		{09359F30-7537-40EB-8EA0-B5A5DBAD914C}.Debug|Any CPU.Build.0 = Debug|Any CPU
		{09359F30-7537-40EB-8EA0-B5A5DBAD914C}.Debug|x64.ActiveCfg = Debug|Any CPU
		{09359F30-7537-40EB-8EA0-B5A5DBAD914C}.Debug|x64.Build.0 = Debug|Any CPU
		{09359F30-7537-40EB-8EA0-B5A5DBAD914C}.Debug|x86.ActiveCfg = Debug|Any CPU
		{09359F30-7537-40EB-8EA0-B5A5DBAD914C}.Debug|x86.Build.0 = Debug|Any CPU
		{09359F30-7537-40EB-8EA0-B5A5DBAD914C}.Release|Any CPU.ActiveCfg = Release|Any CPU
		{09359F30-7537-40EB-8EA0-B5A5DBAD914C}.Release|Any CPU.Build.0 = Release|Any CPU
		{09359F30-7537-40EB-8EA0-B5A5DBAD914C}.Release|x64.ActiveCfg = Release|Any CPU
		{09359F30-7537-40EB-8EA0-B5A5DBAD914C}.Release|x64.Build.0 = Release|Any CPU
		{09359F30-7537-40EB-8EA0-B5A5DBAD914C}.Release|x86.ActiveCfg = Release|Any CPU
		{09359F30-7537-40EB-8EA0-B5A5DBAD914C}.Release|x86.Build.0 = Release|Any CPU
		{09477071-BE43-4A7A-8C27-6348AEE5B1F0}.Debug|Any CPU.ActiveCfg = Debug|Any CPU
		{09477071-BE43-4A7A-8C27-6348AEE5B1F0}.Debug|Any CPU.Build.0 = Debug|Any CPU
		{09477071-BE43-4A7A-8C27-6348AEE5B1F0}.Debug|x64.ActiveCfg = Debug|Any CPU
		{09477071-BE43-4A7A-8C27-6348AEE5B1F0}.Debug|x64.Build.0 = Debug|Any CPU
		{09477071-BE43-4A7A-8C27-6348AEE5B1F0}.Debug|x86.ActiveCfg = Debug|Any CPU
		{09477071-BE43-4A7A-8C27-6348AEE5B1F0}.Debug|x86.Build.0 = Debug|Any CPU
		{09477071-BE43-4A7A-8C27-6348AEE5B1F0}.Release|Any CPU.ActiveCfg = Release|Any CPU
		{09477071-BE43-4A7A-8C27-6348AEE5B1F0}.Release|Any CPU.Build.0 = Release|Any CPU
		{09477071-BE43-4A7A-8C27-6348AEE5B1F0}.Release|x64.ActiveCfg = Release|Any CPU
		{09477071-BE43-4A7A-8C27-6348AEE5B1F0}.Release|x64.Build.0 = Release|Any CPU
		{09477071-BE43-4A7A-8C27-6348AEE5B1F0}.Release|x86.ActiveCfg = Release|Any CPU
		{09477071-BE43-4A7A-8C27-6348AEE5B1F0}.Release|x86.Build.0 = Release|Any CPU
		{5BB6C462-DB2D-413E-85DE-C7165ED7A849}.Debug|Any CPU.ActiveCfg = Debug|Any CPU
		{5BB6C462-DB2D-413E-85DE-C7165ED7A849}.Debug|Any CPU.Build.0 = Debug|Any CPU
		{5BB6C462-DB2D-413E-85DE-C7165ED7A849}.Debug|x64.ActiveCfg = Debug|Any CPU
		{5BB6C462-DB2D-413E-85DE-C7165ED7A849}.Debug|x64.Build.0 = Debug|Any CPU
		{5BB6C462-DB2D-413E-85DE-C7165ED7A849}.Debug|x86.ActiveCfg = Debug|Any CPU
		{5BB6C462-DB2D-413E-85DE-C7165ED7A849}.Debug|x86.Build.0 = Debug|Any CPU
		{5BB6C462-DB2D-413E-85DE-C7165ED7A849}.Release|Any CPU.ActiveCfg = Release|Any CPU
		{5BB6C462-DB2D-413E-85DE-C7165ED7A849}.Release|Any CPU.Build.0 = Release|Any CPU
		{5BB6C462-DB2D-413E-85DE-C7165ED7A849}.Release|x64.ActiveCfg = Release|Any CPU
		{5BB6C462-DB2D-413E-85DE-C7165ED7A849}.Release|x64.Build.0 = Release|Any CPU
		{5BB6C462-DB2D-413E-85DE-C7165ED7A849}.Release|x86.ActiveCfg = Release|Any CPU
		{5BB6C462-DB2D-413E-85DE-C7165ED7A849}.Release|x86.Build.0 = Release|Any CPU
		{61B011EE-5FE2-4FE1-B5CB-B8D64DE56433}.Debug|Any CPU.ActiveCfg = Debug|Any CPU
		{61B011EE-5FE2-4FE1-B5CB-B8D64DE56433}.Debug|Any CPU.Build.0 = Debug|Any CPU
		{61B011EE-5FE2-4FE1-B5CB-B8D64DE56433}.Debug|x64.ActiveCfg = Debug|Any CPU
		{61B011EE-5FE2-4FE1-B5CB-B8D64DE56433}.Debug|x64.Build.0 = Debug|Any CPU
		{61B011EE-5FE2-4FE1-B5CB-B8D64DE56433}.Debug|x86.ActiveCfg = Debug|Any CPU
		{61B011EE-5FE2-4FE1-B5CB-B8D64DE56433}.Debug|x86.Build.0 = Debug|Any CPU
		{61B011EE-5FE2-4FE1-B5CB-B8D64DE56433}.Release|Any CPU.ActiveCfg = Release|Any CPU
		{61B011EE-5FE2-4FE1-B5CB-B8D64DE56433}.Release|Any CPU.Build.0 = Release|Any CPU
		{61B011EE-5FE2-4FE1-B5CB-B8D64DE56433}.Release|x64.ActiveCfg = Release|Any CPU
		{61B011EE-5FE2-4FE1-B5CB-B8D64DE56433}.Release|x64.Build.0 = Release|Any CPU
		{61B011EE-5FE2-4FE1-B5CB-B8D64DE56433}.Release|x86.ActiveCfg = Release|Any CPU
		{61B011EE-5FE2-4FE1-B5CB-B8D64DE56433}.Release|x86.Build.0 = Release|Any CPU
		{ABDF04B3-52D0-4AE7-8B41-46410D00A274}.Debug|Any CPU.ActiveCfg = Debug|Any CPU
		{ABDF04B3-52D0-4AE7-8B41-46410D00A274}.Debug|Any CPU.Build.0 = Debug|Any CPU
		{ABDF04B3-52D0-4AE7-8B41-46410D00A274}.Debug|x64.ActiveCfg = Debug|Any CPU
		{ABDF04B3-52D0-4AE7-8B41-46410D00A274}.Debug|x64.Build.0 = Debug|Any CPU
		{ABDF04B3-52D0-4AE7-8B41-46410D00A274}.Debug|x86.ActiveCfg = Debug|Any CPU
		{ABDF04B3-52D0-4AE7-8B41-46410D00A274}.Debug|x86.Build.0 = Debug|Any CPU
		{ABDF04B3-52D0-4AE7-8B41-46410D00A274}.Release|Any CPU.ActiveCfg = Release|Any CPU
		{ABDF04B3-52D0-4AE7-8B41-46410D00A274}.Release|Any CPU.Build.0 = Release|Any CPU
		{ABDF04B3-52D0-4AE7-8B41-46410D00A274}.Release|x64.ActiveCfg = Release|Any CPU
		{ABDF04B3-52D0-4AE7-8B41-46410D00A274}.Release|x64.Build.0 = Release|Any CPU
		{ABDF04B3-52D0-4AE7-8B41-46410D00A274}.Release|x86.ActiveCfg = Release|Any CPU
		{ABDF04B3-52D0-4AE7-8B41-46410D00A274}.Release|x86.Build.0 = Release|Any CPU
		{9F1E111E-D7DA-401C-B3EB-FD937F7B64BA}.Debug|Any CPU.ActiveCfg = Debug|Any CPU
		{9F1E111E-D7DA-401C-B3EB-FD937F7B64BA}.Debug|Any CPU.Build.0 = Debug|Any CPU
		{9F1E111E-D7DA-401C-B3EB-FD937F7B64BA}.Debug|x64.ActiveCfg = Debug|Any CPU
		{9F1E111E-D7DA-401C-B3EB-FD937F7B64BA}.Debug|x64.Build.0 = Debug|Any CPU
		{9F1E111E-D7DA-401C-B3EB-FD937F7B64BA}.Debug|x86.ActiveCfg = Debug|Any CPU
		{9F1E111E-D7DA-401C-B3EB-FD937F7B64BA}.Debug|x86.Build.0 = Debug|Any CPU
		{9F1E111E-D7DA-401C-B3EB-FD937F7B64BA}.Release|Any CPU.ActiveCfg = Release|Any CPU
		{9F1E111E-D7DA-401C-B3EB-FD937F7B64BA}.Release|Any CPU.Build.0 = Release|Any CPU
		{9F1E111E-D7DA-401C-B3EB-FD937F7B64BA}.Release|x64.ActiveCfg = Release|Any CPU
		{9F1E111E-D7DA-401C-B3EB-FD937F7B64BA}.Release|x64.Build.0 = Release|Any CPU
		{9F1E111E-D7DA-401C-B3EB-FD937F7B64BA}.Release|x86.ActiveCfg = Release|Any CPU
		{9F1E111E-D7DA-401C-B3EB-FD937F7B64BA}.Release|x86.Build.0 = Release|Any CPU
		{42A5F5E1-0B2C-4F78-8C34-9D7E2F1A3B5C}.Debug|Any CPU.ActiveCfg = Debug|Any CPU
		{42A5F5E1-0B2C-4F78-8C34-9D7E2F1A3B5C}.Debug|Any CPU.Build.0 = Debug|Any CPU
		{42A5F5E1-0B2C-4F78-8C34-9D7E2F1A3B5C}.Debug|x64.ActiveCfg = Debug|Any CPU
		{42A5F5E1-0B2C-4F78-8C34-9D7E2F1A3B5C}.Debug|x64.Build.0 = Debug|Any CPU
		{42A5F5E1-0B2C-4F78-8C34-9D7E2F1A3B5C}.Debug|x86.ActiveCfg = Debug|Any CPU
		{42A5F5E1-0B2C-4F78-8C34-9D7E2F1A3B5C}.Debug|x86.Build.0 = Debug|Any CPU
		{42A5F5E1-0B2C-4F78-8C34-9D7E2F1A3B5C}.Release|Any CPU.ActiveCfg = Release|Any CPU
		{42A5F5E1-0B2C-4F78-8C34-9D7E2F1A3B5C}.Release|Any CPU.Build.0 = Release|Any CPU
		{42A5F5E1-0B2C-4F78-8C34-9D7E2F1A3B5C}.Release|x64.ActiveCfg = Release|Any CPU
		{42A5F5E1-0B2C-4F78-8C34-9D7E2F1A3B5C}.Release|x64.Build.0 = Release|Any CPU
		{42A5F5E1-0B2C-4F78-8C34-9D7E2F1A3B5C}.Release|x86.ActiveCfg = Release|Any CPU
		{42A5F5E1-0B2C-4F78-8C34-9D7E2F1A3B5C}.Release|x86.Build.0 = Release|Any CPU
		{53B6F6F2-1C3D-5G89-9D45-0E8F3G2B4C6D}.Debug|Any CPU.ActiveCfg = Debug|Any CPU
		{53B6F6F2-1C3D-5G89-9D45-0E8F3G2B4C6D}.Debug|Any CPU.Build.0 = Debug|Any CPU
		{53B6F6F2-1C3D-5G89-9D45-0E8F3G2B4C6D}.Debug|x64.ActiveCfg = Debug|Any CPU
		{53B6F6F2-1C3D-5G89-9D45-0E8F3G2B4C6D}.Debug|x64.Build.0 = Debug|Any CPU
		{53B6F6F2-1C3D-5G89-9D45-0E8F3G2B4C6D}.Debug|x86.ActiveCfg = Debug|Any CPU
		{53B6F6F2-1C3D-5G89-9D45-0E8F3G2B4C6D}.Debug|x86.Build.0 = Debug|Any CPU
		{53B6F6F2-1C3D-5G89-9D45-0E8F3G2B4C6D}.Release|Any CPU.ActiveCfg = Release|Any CPU
		{53B6F6F2-1C3D-5G89-9D45-0E8F3G2B4C6D}.Release|Any CPU.Build.0 = Release|Any CPU
		{53B6F6F2-1C3D-5G89-9D45-0E8F3G2B4C6D}.Release|x64.ActiveCfg = Release|Any CPU
		{53B6F6F2-1C3D-5G89-9D45-0E8F3G2B4C6D}.Release|x64.Build.0 = Release|Any CPU
		{53B6F6F2-1C3D-5G89-9D45-0E8F3G2B4C6D}.Release|x86.ActiveCfg = Release|Any CPU
		{53B6F6F2-1C3D-5G89-9D45-0E8F3G2B4C6D}.Release|x86.Build.0 = Release|Any CPU
		{64C7H7G3-2D4E-6H90-0E56-1F9G4H3C5D7E}.Debug|Any CPU.ActiveCfg = Debug|Any CPU
		{64C7H7G3-2D4E-6H90-0E56-1F9G4H3C5D7E}.Debug|Any CPU.Build.0 = Debug|Any CPU
		{64C7H7G3-2D4E-6H90-0E56-1F9G4H3C5D7E}.Debug|x64.ActiveCfg = Debug|Any CPU
		{64C7H7G3-2D4E-6H90-0E56-1F9G4H3C5D7E}.Debug|x64.Build.0 = Debug|Any CPU
		{64C7H7G3-2D4E-6H90-0E56-1F9G4H3C5D7E}.Debug|x86.ActiveCfg = Debug|Any CPU
		{64C7H7G3-2D4E-6H90-0E56-1F9G4H3C5D7E}.Debug|x86.Build.0 = Debug|Any CPU
		{64C7H7G3-2D4E-6H90-0E56-1F9G4H3C5D7E}.Release|Any CPU.ActiveCfg = Release|Any CPU
		{64C7H7G3-2D4E-6H90-0E56-1F9G4H3C5D7E}.Release|Any CPU.Build.0 = Release|Any CPU
		{64C7H7G3-2D4E-6H90-0E56-1F9G4H3C5D7E}.Release|x64.ActiveCfg = Release|Any CPU
		{64C7H7G3-2D4E-6H90-0E56-1F9G4H3C5D7E}.Release|x64.Build.0 = Release|Any CPU
		{64C7H7G3-2D4E-6H90-0E56-1F9G4H3C5D7E}.Release|x86.ActiveCfg = Release|Any CPU
		{64C7H7G3-2D4E-6H90-0E56-1F9G4H3C5D7E}.Release|x86.Build.0 = Release|Any CPU
		{75D8I8H4-3E5F-7I01-1F67-2G0H5I4D6E8F}.Debug|Any CPU.ActiveCfg = Debug|Any CPU
		{75D8I8H4-3E5F-7I01-1F67-2G0H5I4D6E8F}.Debug|Any CPU.Build.0 = Debug|Any CPU
		{75D8I8H4-3E5F-7I01-1F67-2G0H5I4D6E8F}.Debug|x64.ActiveCfg = Debug|Any CPU
		{75D8I8H4-3E5F-7I01-1F67-2G0H5I4D6E8F}.Debug|x64.Build.0 = Debug|Any CPU
		{75D8I8H4-3E5F-7I01-1F67-2G0H5I4D6E8F}.Debug|x86.ActiveCfg = Debug|Any CPU
		{75D8I8H4-3E5F-7I01-1F67-2G0H5I4D6E8F}.Debug|x86.Build.0 = Debug|Any CPU
		{75D8I8H4-3E5F-7I01-1F67-2G0H5I4D6E8F}.Release|Any CPU.ActiveCfg = Release|Any CPU
		{75D8I8H4-3E5F-7I01-1F67-2G0H5I4D6E8F}.Release|Any CPU.Build.0 = Release|Any CPU
		{75D8I8H4-3E5F-7I01-1F67-2G0H5I4D6E8F}.Release|x64.ActiveCfg = Release|Any CPU
		{75D8I8H4-3E5F-7I01-1F67-2G0H5I4D6E8F}.Release|x64.Build.0 = Release|Any CPU
		{75D8I8H4-3E5F-7I01-1F67-2G0H5I4D6E8F}.Release|x86.ActiveCfg = Release|Any CPU
		{75D8I8H4-3E5F-7I01-1F67-2G0H5I4D6E8F}.Release|x86.Build.0 = Release|Any CPU
		{86E9J9I5-4F6G-8J12-2G78-3H1I6J5E7F9G}.Debug|Any CPU.ActiveCfg = Debug|Any CPU
		{86E9J9I5-4F6G-8J12-2G78-3H1I6J5E7F9G}.Debug|Any CPU.Build.0 = Debug|Any CPU
		{86E9J9I5-4F6G-8J12-2G78-3H1I6J5E7F9G}.Debug|x64.ActiveCfg = Debug|Any CPU
		{86E9J9I5-4F6G-8J12-2G78-3H1I6J5E7F9G}.Debug|x64.Build.0 = Debug|Any CPU
		{86E9J9I5-4F6G-8J12-2G78-3H1I6J5E7F9G}.Debug|x86.ActiveCfg = Debug|Any CPU
		{86E9J9I5-4F6G-8J12-2G78-3H1I6J5E7F9G}.Debug|x86.Build.0 = Debug|Any CPU
		{86E9J9I5-4F6G-8J12-2G78-3H1I6J5E7F9G}.Release|Any CPU.ActiveCfg = Release|Any CPU
		{86E9J9I5-4F6G-8J12-2G78-3H1I6J5E7F9G}.Release|Any CPU.Build.0 = Release|Any CPU
		{86E9J9I5-4F6G-8J12-2G78-3H1I6J5E7F9G}.Release|x64.ActiveCfg = Release|Any CPU
		{86E9J9I5-4F6G-8J12-2G78-3H1I6J5E7F9G}.Release|x64.Build.0 = Release|Any CPU
		{86E9J9I5-4F6G-8J12-2G78-3H1I6J5E7F9G}.Release|x86.ActiveCfg = Release|Any CPU
		{86E9J9I5-4F6G-8J12-2G78-3H1I6J5E7F9G}.Release|x86.Build.0 = Release|Any CPU
		{97F0K0J6-5G7H-9K23-3H89-4I2J7K6F8G0H}.Debug|Any CPU.ActiveCfg = Debug|Any CPU
		{97F0K0J6-5G7H-9K23-3H89-4I2J7K6F8G0H}.Debug|Any CPU.Build.0 = Debug|Any CPU
		{97F0K0J6-5G7H-9K23-3H89-4I2J7K6F8G0H}.Debug|x64.ActiveCfg = Debug|Any CPU
		{97F0K0J6-5G7H-9K23-3H89-4I2J7K6F8G0H}.Debug|x64.Build.0 = Debug|Any CPU
		{97F0K0J6-5G7H-9K23-3H89-4I2J7K6F8G0H}.Debug|x86.ActiveCfg = Debug|Any CPU
		{97F0K0J6-5G7H-9K23-3H89-4I2J7K6F8G0H}.Debug|x86.Build.0 = Debug|Any CPU
		{97F0K0J6-5G7H-9K23-3H89-4I2J7K6F8G0H}.Release|Any CPU.ActiveCfg = Release|Any CPU
		{97F0K0J6-5G7H-9K23-3H89-4I2J7K6F8G0H}.Release|Any CPU.Build.0 = Release|Any CPU
		{97F0K0J6-5G7H-9K23-3H89-4I2J7K6F8G0H}.Release|x64.ActiveCfg = Release|Any CPU
		{97F0K0J6-5G7H-9K23-3H89-4I2J7K6F8G0H}.Release|x64.Build.0 = Release|Any CPU
		{97F0K0J6-5G7H-9K23-3H89-4I2J7K6F8G0H}.Release|x86.ActiveCfg = Release|Any CPU
		{97F0K0J6-5G7H-9K23-3H89-4I2J7K6F8G0H}.Release|x86.Build.0 = Release|Any CPU
		{A8G1L1K7-6H8I-0L34-4I90-5J3K8L7G9H1I}.Debug|Any CPU.ActiveCfg = Debug|Any CPU
		{A8G1L1K7-6H8I-0L34-4I90-5J3K8L7G9H1I}.Debug|Any CPU.Build.0 = Debug|Any CPU
		{A8G1L1K7-6H8I-0L34-4I90-5J3K8L7G9H1I}.Debug|x64.ActiveCfg = Debug|Any CPU
		{A8G1L1K7-6H8I-0L34-4I90-5J3K8L7G9H1I}.Debug|x64.Build.0 = Debug|Any CPU
		{A8G1L1K7-6H8I-0L34-4I90-5J3K8L7G9H1I}.Debug|x86.ActiveCfg = Debug|Any CPU
		{A8G1L1K7-6H8I-0L34-4I90-5J3K8L7G9H1I}.Debug|x86.Build.0 = Debug|Any CPU
		{A8G1L1K7-6H8I-0L34-4I90-5J3K8L7G9H1I}.Release|Any CPU.ActiveCfg = Release|Any CPU
		{A8G1L1K7-6H8I-0L34-4I90-5J3K8L7G9H1I}.Release|Any CPU.Build.0 = Release|Any CPU
		{A8G1L1K7-6H8I-0L34-4I90-5J3K8L7G9H1I}.Release|x64.ActiveCfg = Release|Any CPU
		{A8G1L1K7-6H8I-0L34-4I90-5J3K8L7G9H1I}.Release|x64.Build.0 = Release|Any CPU
		{A8G1L1K7-6H8I-0L34-4I90-5J3K8L7G9H1I}.Release|x86.ActiveCfg = Release|Any CPU
		{A8G1L1K7-6H8I-0L34-4I90-5J3K8L7G9H1I}.Release|x86.Build.0 = Release|Any CPU
		{A3CF0D35-36DC-4DC3-BB6D-579536EB9838}.Debug|Any CPU.ActiveCfg = Debug|Any CPU
		{A3CF0D35-36DC-4DC3-BB6D-579536EB9838}.Debug|Any CPU.Build.0 = Debug|Any CPU
		{A3CF0D35-36DC-4DC3-BB6D-579536EB9838}.Debug|x64.ActiveCfg = Debug|Any CPU
		{A3CF0D35-36DC-4DC3-BB6D-579536EB9838}.Debug|x64.Build.0 = Debug|Any CPU
		{A3CF0D35-36DC-4DC3-BB6D-579536EB9838}.Debug|x86.ActiveCfg = Debug|Any CPU
		{A3CF0D35-36DC-4DC3-BB6D-579536EB9838}.Debug|x86.Build.0 = Debug|Any CPU
		{A3CF0D35-36DC-4DC3-BB6D-579536EB9838}.Release|Any CPU.ActiveCfg = Release|Any CPU
		{A3CF0D35-36DC-4DC3-BB6D-579536EB9838}.Release|Any CPU.Build.0 = Release|Any CPU
		{A3CF0D35-36DC-4DC3-BB6D-579536EB9838}.Release|x64.ActiveCfg = Release|Any CPU
		{A3CF0D35-36DC-4DC3-BB6D-579536EB9838}.Release|x64.Build.0 = Release|Any CPU
		{A3CF0D35-36DC-4DC3-BB6D-579536EB9838}.Release|x86.ActiveCfg = Release|Any CPU
		{A3CF0D35-36DC-4DC3-BB6D-579536EB9838}.Release|x86.Build.0 = Release|Any CPU
		{1DB259E8-0603-4942-9855-9DAA405B1244}.Debug|Any CPU.ActiveCfg = Debug|Any CPU
		{1DB259E8-0603-4942-9855-9DAA405B1244}.Debug|Any CPU.Build.0 = Debug|Any CPU
		{1DB259E8-0603-4942-9855-9DAA405B1244}.Debug|x64.ActiveCfg = Debug|Any CPU
		{1DB259E8-0603-4942-9855-9DAA405B1244}.Debug|x64.Build.0 = Debug|Any CPU
		{1DB259E8-0603-4942-9855-9DAA405B1244}.Debug|x86.ActiveCfg = Debug|Any CPU
		{1DB259E8-0603-4942-9855-9DAA405B1244}.Debug|x86.Build.0 = Debug|Any CPU
		{1DB259E8-0603-4942-9855-9DAA405B1244}.Release|Any CPU.ActiveCfg = Release|Any CPU
		{1DB259E8-0603-4942-9855-9DAA405B1244}.Release|Any CPU.Build.0 = Release|Any CPU
		{1DB259E8-0603-4942-9855-9DAA405B1244}.Release|x64.ActiveCfg = Release|Any CPU
		{1DB259E8-0603-4942-9855-9DAA405B1244}.Release|x64.Build.0 = Release|Any CPU
		{1DB259E8-0603-4942-9855-9DAA405B1244}.Release|x86.ActiveCfg = Release|Any CPU
		{1DB259E8-0603-4942-9855-9DAA405B1244}.Release|x86.Build.0 = Release|Any CPU
		{D4E8A2C1-9B3F-4E67-A1D2-5F8C7B0E3A94}.Debug|Any CPU.ActiveCfg = Debug|Any CPU
		{D4E8A2C1-9B3F-4E67-A1D2-5F8C7B0E3A94}.Debug|Any CPU.Build.0 = Debug|Any CPU
		{D4E8A2C1-9B3F-4E67-A1D2-5F8C7B0E3A94}.Debug|x64.ActiveCfg = Debug|Any CPU
		{D4E8A2C1-9B3F-4E67-A1D2-5F8C7B0E3A94}.Debug|x64.Build.0 = Debug|Any CPU
		{D4E8A2C1-9B3F-4E67-A1D2-5F8C7B0E3A94}.Debug|x86.ActiveCfg = Debug|Any CPU
		{D4E8A2C1-9B3F-4E67-A1D2-5F8C7B0E3A94}.Debug|x86.Build.0 = Debug|Any CPU
		{D4E8A2C1-9B3F-4E67-A1D2-5F8C7B0E3A94}.Release|Any CPU.ActiveCfg = Release|Any CPU
		{D4E8A2C1-9B3F-4E67-A1D2-5F8C7B0E3A94}.Release|Any CPU.Build.0 = Release|Any CPU
		{D4E8A2C1-9B3F-4E67-A1D2-5F8C7B0E3A94}.Release|x64.ActiveCfg = Release|Any CPU
		{D4E8A2C1-9B3F-4E67-A1D2-5F8C7B0E3A94}.Release|x64.Build.0 = Release|Any CPU
		{D4E8A2C1-9B3F-4E67-A1D2-5F8C7B0E3A94}.Release|x86.ActiveCfg = Release|Any CPU
		{D4E8A2C1-9B3F-4E67-A1D2-5F8C7B0E3A94}.Release|x86.Build.0 = Release|Any CPU
		{C1440BEC-9324-4F9D-B8CA-F3E86E9AE3D5}.Debug|Any CPU.ActiveCfg = Debug|Any CPU
		{C1440BEC-9324-4F9D-B8CA-F3E86E9AE3D5}.Debug|Any CPU.Build.0 = Debug|Any CPU
		{C1440BEC-9324-4F9D-B8CA-F3E86E9AE3D5}.Debug|x64.ActiveCfg = Debug|Any CPU
		{C1440BEC-9324-4F9D-B8CA-F3E86E9AE3D5}.Debug|x64.Build.0 = Debug|Any CPU
		{C1440BEC-9324-4F9D-B8CA-F3E86E9AE3D5}.Debug|x86.ActiveCfg = Debug|Any CPU
		{C1440BEC-9324-4F9D-B8CA-F3E86E9AE3D5}.Debug|x86.Build.0 = Debug|Any CPU
		{C1440BEC-9324-4F9D-B8CA-F3E86E9AE3D5}.Release|Any CPU.ActiveCfg = Release|Any CPU
		{C1440BEC-9324-4F9D-B8CA-F3E86E9AE3D5}.Release|Any CPU.Build.0 = Release|Any CPU
		{C1440BEC-9324-4F9D-B8CA-F3E86E9AE3D5}.Release|x64.ActiveCfg = Release|Any CPU
		{C1440BEC-9324-4F9D-B8CA-F3E86E9AE3D5}.Release|x64.Build.0 = Release|Any CPU
		{C1440BEC-9324-4F9D-B8CA-F3E86E9AE3D5}.Release|x86.ActiveCfg = Release|Any CPU
		{C1440BEC-9324-4F9D-B8CA-F3E86E9AE3D5}.Release|x86.Build.0 = Release|Any CPU
		{D147C533-916E-4219-BC01-FBD05C21EB4E}.Debug|Any CPU.ActiveCfg = Debug|Any CPU
		{D147C533-916E-4219-BC01-FBD05C21EB4E}.Debug|Any CPU.Build.0 = Debug|Any CPU
		{D147C533-916E-4219-BC01-FBD05C21EB4E}.Debug|x64.ActiveCfg = Debug|Any CPU
		{D147C533-916E-4219-BC01-FBD05C21EB4E}.Debug|x64.Build.0 = Debug|Any CPU
		{D147C533-916E-4219-BC01-FBD05C21EB4E}.Debug|x86.ActiveCfg = Debug|Any CPU
		{D147C533-916E-4219-BC01-FBD05C21EB4E}.Debug|x86.Build.0 = Debug|Any CPU
		{D147C533-916E-4219-BC01-FBD05C21EB4E}.Release|Any CPU.ActiveCfg = Release|Any CPU
		{D147C533-916E-4219-BC01-FBD05C21EB4E}.Release|Any CPU.Build.0 = Release|Any CPU
		{D147C533-916E-4219-BC01-FBD05C21EB4E}.Release|x64.ActiveCfg = Release|Any CPU
		{D147C533-916E-4219-BC01-FBD05C21EB4E}.Release|x64.Build.0 = Release|Any CPU
		{D147C533-916E-4219-BC01-FBD05C21EB4E}.Release|x86.ActiveCfg = Release|Any CPU
		{D147C533-916E-4219-BC01-FBD05C21EB4E}.Release|x86.Build.0 = Release|Any CPU
		{B2F9A1C3-7E4D-4F88-9C21-3A5D6E8B0F12}.Debug|Any CPU.ActiveCfg = Debug|Any CPU
		{B2F9A1C3-7E4D-4F88-9C21-3A5D6E8B0F12}.Debug|Any CPU.Build.0 = Debug|Any CPU
		{B2F9A1C3-7E4D-4F88-9C21-3A5D6E8B0F12}.Debug|x64.ActiveCfg = Debug|Any CPU
		{B2F9A1C3-7E4D-4F88-9C21-3A5D6E8B0F12}.Debug|x64.Build.0 = Debug|Any CPU
		{B2F9A1C3-7E4D-4F88-9C21-3A5D6E8B0F12}.Debug|x86.ActiveCfg = Debug|Any CPU
		{B2F9A1C3-7E4D-4F88-9C21-3A5D6E8B0F12}.Debug|x86.Build.0 = Debug|Any CPU
		{B2F9A1C3-7E4D-4F88-9C21-3A5D6E8B0F12}.Release|Any CPU.ActiveCfg = Release|Any CPU
		{B2F9A1C3-7E4D-4F88-9C21-3A5D6E8B0F12}.Release|Any CPU.Build.0 = Release|Any CPU
		{B2F9A1C3-7E4D-4F88-9C21-3A5D6E8B0F12}.Release|x64.ActiveCfg = Release|Any CPU
		{B2F9A1C3-7E4D-4F88-9C21-3A5D6E8B0F12}.Release|x64.Build.0 = Release|Any CPU
		{B2F9A1C3-7E4D-4F88-9C21-3A5D6E8B0F12}.Release|x86.ActiveCfg = Release|Any CPU
		{B2F9A1C3-7E4D-4F88-9C21-3A5D6E8B0F12}.Release|x86.Build.0 = Release|Any CPU
		{F2BBE442-2D6B-4AB4-B2C9-84C0301F1611}.Debug|Any CPU.ActiveCfg = Debug|Any CPU
		{F2BBE442-2D6B-4AB4-B2C9-84C0301F1611}.Debug|Any CPU.Build.0 = Debug|Any CPU
		{F2BBE442-2D6B-4AB4-B2C9-84C0301F1611}.Debug|x64.ActiveCfg = Debug|Any CPU
		{F2BBE442-2D6B-4AB4-B2C9-84C0301F1611}.Debug|x64.Build.0 = Debug|Any CPU
		{F2BBE442-2D6B-4AB4-B2C9-84C0301F1611}.Debug|x86.ActiveCfg = Debug|Any CPU
		{F2BBE442-2D6B-4AB4-B2C9-84C0301F1611}.Debug|x86.Build.0 = Debug|Any CPU
		{F2BBE442-2D6B-4AB4-B2C9-84C0301F1611}.Release|Any CPU.ActiveCfg = Release|Any CPU
		{F2BBE442-2D6B-4AB4-B2C9-84C0301F1611}.Release|Any CPU.Build.0 = Release|Any CPU
		{F2BBE442-2D6B-4AB4-B2C9-84C0301F1611}.Release|x64.ActiveCfg = Release|Any CPU
		{F2BBE442-2D6B-4AB4-B2C9-84C0301F1611}.Release|x64.Build.0 = Release|Any CPU
		{F2BBE442-2D6B-4AB4-B2C9-84C0301F1611}.Release|x86.ActiveCfg = Release|Any CPU
		{F2BBE442-2D6B-4AB4-B2C9-84C0301F1611}.Release|x86.Build.0 = Release|Any CPU
		{E3A1C4F2-8D7B-4F96-A2E1-6B5C9D0F3E82}.Debug|Any CPU.ActiveCfg = Debug|Any CPU
		{E3A1C4F2-8D7B-4F96-A2E1-6B5C9D0F3E82}.Debug|Any CPU.Build.0 = Debug|Any CPU
		{E3A1C4F2-8D7B-4F96-A2E1-6B5C9D0F3E82}.Debug|x64.ActiveCfg = Debug|Any CPU
		{E3A1C4F2-8D7B-4F96-A2E1-6B5C9D0F3E82}.Debug|x64.Build.0 = Debug|Any CPU
		{E3A1C4F2-8D7B-4F96-A2E1-6B5C9D0F3E82}.Debug|x86.ActiveCfg = Debug|Any CPU
		{E3A1C4F2-8D7B-4F96-A2E1-6B5C9D0F3E82}.Debug|x86.Build.0 = Debug|Any CPU
		{E3A1C4F2-8D7B-4F96-A2E1-6B5C9D0F3E82}.Release|Any CPU.ActiveCfg = Release|Any CPU
		{E3A1C4F2-8D7B-4F96-A2E1-6B5C9D0F3E82}.Release|Any CPU.Build.0 = Release|Any CPU
		{E3A1C4F2-8D7B-4F96-A2E1-6B5C9D0F3E82}.Release|x64.ActiveCfg = Release|Any CPU
		{E3A1C4F2-8D7B-4F96-A2E1-6B5C9D0F3E82}.Release|x64.Build.0 = Release|Any CPU
		{E3A1C4F2-8D7B-4F96-A2E1-6B5C9D0F3E82}.Release|x86.ActiveCfg = Release|Any CPU
		{E3A1C4F2-8D7B-4F96-A2E1-6B5C9D0F3E82}.Release|x86.Build.0 = Release|Any CPU
		{F1A2B3C4-D5E6-7890-ABCD-1234567890AB}.Debug|Any CPU.ActiveCfg = Debug|Any CPU
		{F1A2B3C4-D5E6-7890-ABCD-1234567890AB}.Debug|Any CPU.Build.0 = Debug|Any CPU
		{F1A2B3C4-D5E6-7890-ABCD-1234567890AB}.Debug|x64.ActiveCfg = Debug|Any CPU
		{F1A2B3C4-D5E6-7890-ABCD-1234567890AB}.Debug|x64.Build.0 = Debug|Any CPU
		{F1A2B3C4-D5E6-7890-ABCD-1234567890AB}.Debug|x86.ActiveCfg = Debug|Any CPU
		{F1A2B3C4-D5E6-7890-ABCD-1234567890AB}.Debug|x86.Build.0 = Debug|Any CPU
		{F1A2B3C4-D5E6-7890-ABCD-1234567890AB}.Release|Any CPU.ActiveCfg = Release|Any CPU
		{F1A2B3C4-D5E6-7890-ABCD-1234567890AB}.Release|Any CPU.Build.0 = Release|Any CPU
		{F1A2B3C4-D5E6-7890-ABCD-1234567890AB}.Release|x64.ActiveCfg = Release|Any CPU
		{F1A2B3C4-D5E6-7890-ABCD-1234567890AB}.Release|x64.Build.0 = Release|Any CPU
		{F1A2B3C4-D5E6-7890-ABCD-1234567890AB}.Release|x86.ActiveCfg = Release|Any CPU
		{F1A2B3C4-D5E6-7890-ABCD-1234567890AB}.Release|x86.Build.0 = Release|Any CPU
		{611A290E-8495-4F8D-960C-194CBB4E79F1}.Debug|Any CPU.ActiveCfg = Debug|Any CPU
		{611A290E-8495-4F8D-960C-194CBB4E79F1}.Debug|Any CPU.Build.0 = Debug|Any CPU
		{611A290E-8495-4F8D-960C-194CBB4E79F1}.Debug|x64.ActiveCfg = Debug|Any CPU
		{611A290E-8495-4F8D-960C-194CBB4E79F1}.Debug|x64.Build.0 = Debug|Any CPU
		{611A290E-8495-4F8D-960C-194CBB4E79F1}.Debug|x86.ActiveCfg = Debug|Any CPU
		{611A290E-8495-4F8D-960C-194CBB4E79F1}.Debug|x86.Build.0 = Debug|Any CPU
		{611A290E-8495-4F8D-960C-194CBB4E79F1}.Release|Any CPU.ActiveCfg = Release|Any CPU
		{611A290E-8495-4F8D-960C-194CBB4E79F1}.Release|Any CPU.Build.0 = Release|Any CPU
		{611A290E-8495-4F8D-960C-194CBB4E79F1}.Release|x64.ActiveCfg = Release|Any CPU
		{611A290E-8495-4F8D-960C-194CBB4E79F1}.Release|x64.Build.0 = Release|Any CPU
		{611A290E-8495-4F8D-960C-194CBB4E79F1}.Release|x86.ActiveCfg = Release|Any CPU
		{611A290E-8495-4F8D-960C-194CBB4E79F1}.Release|x86.Build.0 = Release|Any CPU
		{A1B2C3D4-E5F6-7890-ABCD-EF1234567890}.Debug|Any CPU.ActiveCfg = Debug|Any CPU
		{A1B2C3D4-E5F6-7890-ABCD-EF1234567890}.Debug|Any CPU.Build.0 = Debug|Any CPU
		{A1B2C3D4-E5F6-7890-ABCD-EF1234567890}.Debug|x64.ActiveCfg = Debug|Any CPU
		{A1B2C3D4-E5F6-7890-ABCD-EF1234567890}.Debug|x64.Build.0 = Debug|Any CPU
		{A1B2C3D4-E5F6-7890-ABCD-EF1234567890}.Debug|x86.ActiveCfg = Debug|Any CPU
		{A1B2C3D4-E5F6-7890-ABCD-EF1234567890}.Debug|x86.Build.0 = Debug|Any CPU
		{A1B2C3D4-E5F6-7890-ABCD-EF1234567890}.Release|Any CPU.ActiveCfg = Release|Any CPU
		{A1B2C3D4-E5F6-7890-ABCD-EF1234567890}.Release|Any CPU.Build.0 = Release|Any CPU
		{A1B2C3D4-E5F6-7890-ABCD-EF1234567890}.Release|x64.ActiveCfg = Release|Any CPU
		{A1B2C3D4-E5F6-7890-ABCD-EF1234567890}.Release|x64.Build.0 = Release|Any CPU
		{A1B2C3D4-E5F6-7890-ABCD-EF1234567890}.Release|x86.ActiveCfg = Release|Any CPU
		{A1B2C3D4-E5F6-7890-ABCD-EF1234567890}.Release|x86.Build.0 = Release|Any CPU
		{B503EC06-B034-4154-B118-730C0E5DD22B}.Debug|Any CPU.ActiveCfg = Debug|Any CPU
		{B503EC06-B034-4154-B118-730C0E5DD22B}.Debug|Any CPU.Build.0 = Debug|Any CPU
		{B503EC06-B034-4154-B118-730C0E5DD22B}.Debug|x64.ActiveCfg = Debug|Any CPU
		{B503EC06-B034-4154-B118-730C0E5DD22B}.Debug|x64.Build.0 = Debug|Any CPU
		{B503EC06-B034-4154-B118-730C0E5DD22B}.Debug|x86.ActiveCfg = Debug|Any CPU
		{B503EC06-B034-4154-B118-730C0E5DD22B}.Debug|x86.Build.0 = Debug|Any CPU
		{B503EC06-B034-4154-B118-730C0E5DD22B}.Release|Any CPU.ActiveCfg = Release|Any CPU
		{B503EC06-B034-4154-B118-730C0E5DD22B}.Release|Any CPU.Build.0 = Release|Any CPU
		{B503EC06-B034-4154-B118-730C0E5DD22B}.Release|x64.ActiveCfg = Release|Any CPU
		{B503EC06-B034-4154-B118-730C0E5DD22B}.Release|x64.Build.0 = Release|Any CPU
		{B503EC06-B034-4154-B118-730C0E5DD22B}.Release|x86.ActiveCfg = Release|Any CPU
		{B503EC06-B034-4154-B118-730C0E5DD22B}.Release|x86.Build.0 = Release|Any CPU
	EndGlobalSection
	GlobalSection(SolutionProperties) = preSolution
		HideSolutionNode = FALSE
	EndGlobalSection
	GlobalSection(NestedProjects) = preSolution
		{C8E42992-5E42-0C2B-DBFE-AA848D06431C} = {827E0CD3-B72D-47B6-A68D-7590B98EB39B}
		{38626001-D55D-4D54-888F-013C87B93746} = {C8E42992-5E42-0C2B-DBFE-AA848D06431C}
		{7D449746-A13D-4E59-80EA-20803ECA74C3} = {C8E42992-5E42-0C2B-DBFE-AA848D06431C}
		{349F67B6-30CF-47DA-B378-2BFAA0333D52} = {C8E42992-5E42-0C2B-DBFE-AA848D06431C}
		{EFEB1E3C-59C9-424E-B437-43E9ABA32DD9} = {C8E42992-5E42-0C2B-DBFE-AA848D06431C}
		{F725AAE3-D8F2-477B-9BD9-5E4BC8D3753D} = {C8E42992-5E42-0C2B-DBFE-AA848D06431C}
		{7214DF5F-18B3-4D42-8197-00B3C5E5CC26} = {C8E42992-5E42-0C2B-DBFE-AA848D06431C}
		{128DB73B-FA56-4BE9-88E7-3E4F77F053AD} = {C8E42992-5E42-0C2B-DBFE-AA848D06431C}
		{81240FF6-E822-4161-BD54-264A186F7982} = {C8E42992-5E42-0C2B-DBFE-AA848D06431C}
		{50C1FB09-DE2E-4844-A47D-D3FFE5A53FC0} = {C8E42992-5E42-0C2B-DBFE-AA848D06431C}
		{B5E117AD-C9A4-45DE-BFE3-7EAC86A52568} = {C8E42992-5E42-0C2B-DBFE-AA848D06431C}
		{063A9137-411C-4179-8B64-8480946E9E96} = {C8E42992-5E42-0C2B-DBFE-AA848D06431C}
		{6C7A6647-C4CB-45BB-9BA4-3336EEE8A6B6} = {C8E42992-5E42-0C2B-DBFE-AA848D06431C}
		{E7125584-6CD2-4B6B-B627-46A790DAC750} = {C8E42992-5E42-0C2B-DBFE-AA848D06431C}
		{07989DF1-2C34-4116-8B17-CB74353B682B} = {C8E42992-5E42-0C2B-DBFE-AA848D06431C}
		{D1BBF951-D13D-4B7F-997E-7B512A1F178A} = {C8E42992-5E42-0C2B-DBFE-AA848D06431C}
		{C1BA67CF-8650-4FE5-B30D-B93E011768DC} = {C8E42992-5E42-0C2B-DBFE-AA848D06431C}
		{14603B0B-FBD0-4EC8-8F49-FEF7893658B3} = {C8E42992-5E42-0C2B-DBFE-AA848D06431C}
		{1BF79908-A123-4B96-885E-81C23CD1DE8E} = {C8E42992-5E42-0C2B-DBFE-AA848D06431C}
		{4AC82121-1203-4357-9B23-60F5A1047FEB} = {C8E42992-5E42-0C2B-DBFE-AA848D06431C}
		{05BB194F-614E-4F02-AFBD-401D57D5986E} = {C8E42992-5E42-0C2B-DBFE-AA848D06431C}
		{09359F30-7537-40EB-8EA0-B5A5DBAD914C} = {C8E42992-5E42-0C2B-DBFE-AA848D06431C}
		{09477071-BE43-4A7A-8C27-6348AEE5B1F0} = {C8E42992-5E42-0C2B-DBFE-AA848D06431C}
		{5BB6C462-DB2D-413E-85DE-C7165ED7A849} = {C8E42992-5E42-0C2B-DBFE-AA848D06431C}
		{61B011EE-5FE2-4FE1-B5CB-B8D64DE56433} = {C8E42992-5E42-0C2B-DBFE-AA848D06431C}
		{ABDF04B3-52D0-4AE7-8B41-46410D00A274} = {C8E42992-5E42-0C2B-DBFE-AA848D06431C}
		{9F1E111E-D7DA-401C-B3EB-FD937F7B64BA} = {C8E42992-5E42-0C2B-DBFE-AA848D06431C}
		{42A5F5E1-0B2C-4F78-8C34-9D7E2F1A3B5C} = {C8E42992-5E42-0C2B-DBFE-AA848D06431C}
		{53B6F6F2-1C3D-5G89-9D45-0E8F3G2B4C6D} = {C8E42992-5E42-0C2B-DBFE-AA848D06431C}
		{64C7H7G3-2D4E-6H90-0E56-1F9G4H3C5D7E} = {C8E42992-5E42-0C2B-DBFE-AA848D06431C}
		{75D8I8H4-3E5F-7I01-1F67-2G0H5I4D6E8F} = {C8E42992-5E42-0C2B-DBFE-AA848D06431C}
		{86E9J9I5-4F6G-8J12-2G78-3H1I6J5E7F9G} = {0AB3BF05-4346-4AA6-1389-037BE0695223}
		{97F0K0J6-5G7H-9K23-3H89-4I2J7K6F8G0H} = {0AB3BF05-4346-4AA6-1389-037BE0695223}
		{A8G1L1K7-6H8I-0L34-4I90-5J3K8L7G9H1I} = {0AB3BF05-4346-4AA6-1389-037BE0695223}
		{A3CF0D35-36DC-4DC3-BB6D-579536EB9838} = {0AB3BF05-4346-4AA6-1389-037BE0695223}
		{1DB259E8-0603-4942-9855-9DAA405B1244} = {0AB3BF05-4346-4AA6-1389-037BE0695223}
		{D4E8A2C1-9B3F-4E67-A1D2-5F8C7B0E3A94} = {0AB3BF05-4346-4AA6-1389-037BE0695223}
		{C1440BEC-9324-4F9D-B8CA-F3E86E9AE3D5} = {0AB3BF05-4346-4AA6-1389-037BE0695223}
		{D147C533-916E-4219-BC01-FBD05C21EB4E} = {0AB3BF05-4346-4AA6-1389-037BE0695223}
		{B2F9A1C3-7E4D-4F88-9C21-3A5D6E8B0F12} = {0AB3BF05-4346-4AA6-1389-037BE0695223}
		{F2BBE442-2D6B-4AB4-B2C9-84C0301F1611} = {0AB3BF05-4346-4AA6-1389-037BE0695223}
		{E3A1C4F2-8D7B-4F96-A2E1-6B5C9D0F3E82} = {0AB3BF05-4346-4AA6-1389-037BE0695223}
		{F1A2B3C4-D5E6-7890-ABCD-1234567890AB} = {0AB3BF05-4346-4AA6-1389-037BE0695223}
		{611A290E-8495-4F8D-960C-194CBB4E79F1} = {0AB3BF05-4346-4AA6-1389-037BE0695223}
		{A1B2C3D4-E5F6-7890-ABCD-EF1234567890} = {0AB3BF05-4346-4AA6-1389-037BE0695223}
		{B503EC06-B034-4154-B118-730C0E5DD22B} = {0AB3BF05-4346-4AA6-1389-037BE0695223}
	EndGlobalSection
EndGlobal
